// !$*UTF8*$!
{
	archiveVersion = 1;
	classes = {
	};
	objectVersion = 56;
	objects = {

/* Begin PBXBuildFile section */
		FF0440162B91A66F00949B8C /* CommitCalApp.swift in Sources */ = {isa = PBXBuildFile; fileRef = FF0440152B91A66F00949B8C /* CommitCalApp.swift */; };
		FF04401A2B91A67100949B8C /* Assets.xcassets in Resources */ = {isa = PBXBuildFile; fileRef = FF0440192B91A67100949B8C /* Assets.xcassets */; };
		FF04401D2B91A67100949B8C /* Preview Assets.xcassets in Resources */ = {isa = PBXBuildFile; fileRef = FF04401C2B91A67100949B8C /* Preview Assets.xcassets */; };
		FF0440262B91BCD600949B8C /* Alamofire in Frameworks */ = {isa = PBXBuildFile; productRef = FF0440252B91BCD600949B8C /* Alamofire */; };
		FF04402C2B91CE9D00949B8C /* ChartView.swift in Sources */ = {isa = PBXBuildFile; fileRef = FF04402B2B91CE9D00949B8C /* ChartView.swift */; };
		FF0440302B91DD9300949B8C /* GithubManager.swift in Sources */ = {isa = PBXBuildFile; fileRef = FF04402F2B91DD9300949B8C /* GithubManager.swift */; };
		FF04403A2B91E51D00949B8C /* ChartViewModel.swift in Sources */ = {isa = PBXBuildFile; fileRef = FF0440392B91E51D00949B8C /* ChartViewModel.swift */; };
		FF04403C2B91EC2400949B8C /* GIthubUser.swift in Sources */ = {isa = PBXBuildFile; fileRef = FF04403B2B91EC2400949B8C /* GIthubUser.swift */; };
		FF04403F2B92038700949B8C /* SwiftSoup in Frameworks */ = {isa = PBXBuildFile; productRef = FF04403E2B92038700949B8C /* SwiftSoup */; };
		FF0440412B9203BC00949B8C /* ParseKeys.swift in Sources */ = {isa = PBXBuildFile; fileRef = FF0440402B9203BC00949B8C /* ParseKeys.swift */; };
		FF0440432B9203FA00949B8C /* ContributeData.swift in Sources */ = {isa = PBXBuildFile; fileRef = FF0440422B9203FA00949B8C /* ContributeData.swift */; };
		FF0440482B92045F00949B8C /* Extension_Date.swift in Sources */ = {isa = PBXBuildFile; fileRef = FF0440472B92045F00949B8C /* Extension_Date.swift */; };
		FF04404A2B920F9100949B8C /* ThreeDBarGraphView.swift in Sources */ = {isa = PBXBuildFile; fileRef = FF0440492B920F9100949B8C /* ThreeDBarGraphView.swift */; };
		FF04404F2B9384A400949B8C /* Kingfisher in Frameworks */ = {isa = PBXBuildFile; productRef = FF04404E2B9384A400949B8C /* Kingfisher */; };
		FF085C722B9443B000F58F4C /* Extension_Modifier.swift in Sources */ = {isa = PBXBuildFile; fileRef = FF085C712B9443B000F58F4C /* Extension_Modifier.swift */; };
		FF085C742B9444A500F58F4C /* Extension_View.swift in Sources */ = {isa = PBXBuildFile; fileRef = FF085C732B9444A500F58F4C /* Extension_View.swift */; };
		FF085C762B9458F800F58F4C /* SnapShotView.swift in Sources */ = {isa = PBXBuildFile; fileRef = FF085C752B9458F800F58F4C /* SnapShotView.swift */; };
		FF085C782B9463CD00F58F4C /* RenderView.swift in Sources */ = {isa = PBXBuildFile; fileRef = FF085C772B9463CD00F58F4C /* RenderView.swift */; };
/* End PBXBuildFile section */

/* Begin PBXFileReference section */
		FF0440122B91A66F00949B8C /* CommitCal.app */ = {isa = PBXFileReference; explicitFileType = wrapper.application; includeInIndex = 0; path = CommitCal.app; sourceTree = BUILT_PRODUCTS_DIR; };
		FF0440152B91A66F00949B8C /* CommitCalApp.swift */ = {isa = PBXFileReference; lastKnownFileType = sourcecode.swift; path = CommitCalApp.swift; sourceTree = "<group>"; };
		FF0440192B91A67100949B8C /* Assets.xcassets */ = {isa = PBXFileReference; lastKnownFileType = folder.assetcatalog; path = Assets.xcassets; sourceTree = "<group>"; };
		FF04401C2B91A67100949B8C /* Preview Assets.xcassets */ = {isa = PBXFileReference; lastKnownFileType = folder.assetcatalog; path = "Preview Assets.xcassets"; sourceTree = "<group>"; };
		FF0440232B91A6A800949B8C /* Info.plist */ = {isa = PBXFileReference; lastKnownFileType = text.plist; path = Info.plist; sourceTree = "<group>"; };
		FF04402B2B91CE9D00949B8C /* ChartView.swift */ = {isa = PBXFileReference; lastKnownFileType = sourcecode.swift; path = ChartView.swift; sourceTree = "<group>"; };
		FF04402F2B91DD9300949B8C /* GithubManager.swift */ = {isa = PBXFileReference; lastKnownFileType = sourcecode.swift; path = GithubManager.swift; sourceTree = "<group>"; };
		FF0440392B91E51D00949B8C /* ChartViewModel.swift */ = {isa = PBXFileReference; lastKnownFileType = sourcecode.swift; path = ChartViewModel.swift; sourceTree = "<group>"; };
		FF04403B2B91EC2400949B8C /* GIthubUser.swift */ = {isa = PBXFileReference; lastKnownFileType = sourcecode.swift; path = GIthubUser.swift; sourceTree = "<group>"; };
		FF0440402B9203BC00949B8C /* ParseKeys.swift */ = {isa = PBXFileReference; lastKnownFileType = sourcecode.swift; path = ParseKeys.swift; sourceTree = "<group>"; };
		FF0440422B9203FA00949B8C /* ContributeData.swift */ = {isa = PBXFileReference; lastKnownFileType = sourcecode.swift; path = ContributeData.swift; sourceTree = "<group>"; };
		FF0440472B92045F00949B8C /* Extension_Date.swift */ = {isa = PBXFileReference; lastKnownFileType = sourcecode.swift; path = Extension_Date.swift; sourceTree = "<group>"; };
		FF0440492B920F9100949B8C /* ThreeDBarGraphView.swift */ = {isa = PBXFileReference; lastKnownFileType = sourcecode.swift; path = ThreeDBarGraphView.swift; sourceTree = "<group>"; };
		FF085C712B9443B000F58F4C /* Extension_Modifier.swift */ = {isa = PBXFileReference; lastKnownFileType = sourcecode.swift; path = Extension_Modifier.swift; sourceTree = "<group>"; };
		FF085C732B9444A500F58F4C /* Extension_View.swift */ = {isa = PBXFileReference; lastKnownFileType = sourcecode.swift; path = Extension_View.swift; sourceTree = "<group>"; };
		FF085C752B9458F800F58F4C /* SnapShotView.swift */ = {isa = PBXFileReference; lastKnownFileType = sourcecode.swift; path = SnapShotView.swift; sourceTree = "<group>"; };
		FF085C772B9463CD00F58F4C /* RenderView.swift */ = {isa = PBXFileReference; lastKnownFileType = sourcecode.swift; path = RenderView.swift; sourceTree = "<group>"; };
/* End PBXFileReference section */

/* Begin PBXFrameworksBuildPhase section */
		FF04400F2B91A66F00949B8C /* Frameworks */ = {
			isa = PBXFrameworksBuildPhase;
			buildActionMask = 2147483647;
			files = (
				FF04404F2B9384A400949B8C /* Kingfisher in Frameworks */,
				FF0440262B91BCD600949B8C /* Alamofire in Frameworks */,
				FF04403F2B92038700949B8C /* SwiftSoup in Frameworks */,
			);
			runOnlyForDeploymentPostprocessing = 0;
		};
/* End PBXFrameworksBuildPhase section */

/* Begin PBXGroup section */
		FF0440092B91A66F00949B8C = {
			isa = PBXGroup;
			children = (
				FF0440142B91A66F00949B8C /* CommitCal */,
				FF0440132B91A66F00949B8C /* Products */,
			);
			sourceTree = "<group>";
		};
		FF0440132B91A66F00949B8C /* Products */ = {
			isa = PBXGroup;
			children = (
				FF0440122B91A66F00949B8C /* CommitCal.app */,
			);
			name = Products;
			sourceTree = "<group>";
		};
		FF0440142B91A66F00949B8C /* CommitCal */ = {
			isa = PBXGroup;
			children = (
				FF0440232B91A6A800949B8C /* Info.plist */,
				FF0440152B91A66F00949B8C /* CommitCalApp.swift */,
				FF0440462B92045400949B8C /* Extension */,
				FF0440332B91DDFC00949B8C /* Model */,
				FF0440362B91E3F400949B8C /* Presentation */,
				FF0440192B91A67100949B8C /* Assets.xcassets */,
				FF04401B2B91A67100949B8C /* Preview Content */,
			);
			path = CommitCal;
			sourceTree = "<group>";
		};
		FF04401B2B91A67100949B8C /* Preview Content */ = {
			isa = PBXGroup;
			children = (
				FF04401C2B91A67100949B8C /* Preview Assets.xcassets */,
			);
			path = "Preview Content";
			sourceTree = "<group>";
		};
		FF0440332B91DDFC00949B8C /* Model */ = {
			isa = PBXGroup;
			children = (
				FF04403B2B91EC2400949B8C /* GIthubUser.swift */,
				FF04402F2B91DD9300949B8C /* GithubManager.swift */,
				FF0440402B9203BC00949B8C /* ParseKeys.swift */,
				FF0440422B9203FA00949B8C /* ContributeData.swift */,
			);
			path = Model;
			sourceTree = "<group>";
		};
		FF0440362B91E3F400949B8C /* Presentation */ = {
			isa = PBXGroup;
			children = (
				FF0440372B91E42900949B8C /* Graph */,
			);
			path = Presentation;
			sourceTree = "<group>";
		};
		FF0440372B91E42900949B8C /* Graph */ = {
			isa = PBXGroup;
			children = (
				FF04402B2B91CE9D00949B8C /* ChartView.swift */,
				FF085C772B9463CD00F58F4C /* RenderView.swift */,
				FF085C752B9458F800F58F4C /* SnapShotView.swift */,
				FF0440492B920F9100949B8C /* ThreeDBarGraphView.swift */,
				FF0440392B91E51D00949B8C /* ChartViewModel.swift */,
			);
			path = Graph;
			sourceTree = "<group>";
		};
		FF0440462B92045400949B8C /* Extension */ = {
			isa = PBXGroup;
			children = (
				FF0440472B92045F00949B8C /* Extension_Date.swift */,
				FF085C712B9443B000F58F4C /* Extension_Modifier.swift */,
				FF085C732B9444A500F58F4C /* Extension_View.swift */,
			);
			path = Extension;
			sourceTree = "<group>";
		};
/* End PBXGroup section */

/* Begin PBXNativeTarget section */
		FF0440112B91A66F00949B8C /* CommitCal */ = {
			isa = PBXNativeTarget;
			buildConfigurationList = FF0440202B91A67100949B8C /* Build configuration list for PBXNativeTarget "CommitCal" */;
			buildPhases = (
				FF04400E2B91A66F00949B8C /* Sources */,
				FF04400F2B91A66F00949B8C /* Frameworks */,
				FF0440102B91A66F00949B8C /* Resources */,
			);
			buildRules = (
			);
			dependencies = (
			);
			name = CommitCal;
			packageProductDependencies = (
				FF0440252B91BCD600949B8C /* Alamofire */,
				FF04403E2B92038700949B8C /* SwiftSoup */,
				FF04404E2B9384A400949B8C /* Kingfisher */,
			);
			productName = CommitCal;
			productReference = FF0440122B91A66F00949B8C /* CommitCal.app */;
			productType = "com.apple.product-type.application";
		};
/* End PBXNativeTarget section */

/* Begin PBXProject section */
		FF04400A2B91A66F00949B8C /* Project object */ = {
			isa = PBXProject;
			attributes = {
				BuildIndependentTargetsInParallel = 1;
				LastSwiftUpdateCheck = 1500;
				LastUpgradeCheck = 1500;
				TargetAttributes = {
					FF0440112B91A66F00949B8C = {
						CreatedOnToolsVersion = 15.0;
					};
				};
			};
			buildConfigurationList = FF04400D2B91A66F00949B8C /* Build configuration list for PBXProject "CommitCal" */;
			compatibilityVersion = "Xcode 14.0";
			developmentRegion = en;
			hasScannedForEncodings = 0;
			knownRegions = (
				en,
				Base,
			);
			mainGroup = FF0440092B91A66F00949B8C;
			packageReferences = (
				FF0440242B91BCD600949B8C /* XCRemoteSwiftPackageReference "Alamofire" */,
				FF04403D2B92038700949B8C /* XCRemoteSwiftPackageReference "SwiftSoup" */,
				FF04404D2B9384A400949B8C /* XCRemoteSwiftPackageReference "Kingfisher" */,
			);
			productRefGroup = FF0440132B91A66F00949B8C /* Products */;
			projectDirPath = "";
			projectRoot = "";
			targets = (
				FF0440112B91A66F00949B8C /* CommitCal */,
			);
		};
/* End PBXProject section */

/* Begin PBXResourcesBuildPhase section */
		FF0440102B91A66F00949B8C /* Resources */ = {
			isa = PBXResourcesBuildPhase;
			buildActionMask = 2147483647;
			files = (
				FF04401D2B91A67100949B8C /* Preview Assets.xcassets in Resources */,
				FF04401A2B91A67100949B8C /* Assets.xcassets in Resources */,
			);
			runOnlyForDeploymentPostprocessing = 0;
		};
/* End PBXResourcesBuildPhase section */

/* Begin PBXSourcesBuildPhase section */
		FF04400E2B91A66F00949B8C /* Sources */ = {
			isa = PBXSourcesBuildPhase;
			buildActionMask = 2147483647;
			files = (
				FF085C762B9458F800F58F4C /* SnapShotView.swift in Sources */,
				FF0440432B9203FA00949B8C /* ContributeData.swift in Sources */,
				FF0440302B91DD9300949B8C /* GithubManager.swift in Sources */,
				FF04403C2B91EC2400949B8C /* GIthubUser.swift in Sources */,
				FF04402C2B91CE9D00949B8C /* ChartView.swift in Sources */,
				FF085C722B9443B000F58F4C /* Extension_Modifier.swift in Sources */,
				FF085C782B9463CD00F58F4C /* RenderView.swift in Sources */,
				FF04403A2B91E51D00949B8C /* ChartViewModel.swift in Sources */,
				FF0440162B91A66F00949B8C /* CommitCalApp.swift in Sources */,
				FF0440482B92045F00949B8C /* Extension_Date.swift in Sources */,
				FF085C742B9444A500F58F4C /* Extension_View.swift in Sources */,
				FF04404A2B920F9100949B8C /* ThreeDBarGraphView.swift in Sources */,
				FF0440412B9203BC00949B8C /* ParseKeys.swift in Sources */,
			);
			runOnlyForDeploymentPostprocessing = 0;
		};
/* End PBXSourcesBuildPhase section */

/* Begin XCBuildConfiguration section */
		FF04401E2B91A67100949B8C /* Debug */ = {
			isa = XCBuildConfiguration;
			buildSettings = {
				ALWAYS_SEARCH_USER_PATHS = NO;
				ASSETCATALOG_COMPILER_GENERATE_SWIFT_ASSET_SYMBOL_EXTENSIONS = YES;
				CLANG_ANALYZER_NONNULL = YES;
				CLANG_ANALYZER_NUMBER_OBJECT_CONVERSION = YES_AGGRESSIVE;
				CLANG_CXX_LANGUAGE_STANDARD = "gnu++20";
				CLANG_ENABLE_MODULES = YES;
				CLANG_ENABLE_OBJC_ARC = YES;
				CLANG_ENABLE_OBJC_WEAK = YES;
				CLANG_WARN_BLOCK_CAPTURE_AUTORELEASING = YES;
				CLANG_WARN_BOOL_CONVERSION = YES;
				CLANG_WARN_COMMA = YES;
				CLANG_WARN_CONSTANT_CONVERSION = YES;
				CLANG_WARN_DEPRECATED_OBJC_IMPLEMENTATIONS = YES;
				CLANG_WARN_DIRECT_OBJC_ISA_USAGE = YES_ERROR;
				CLANG_WARN_DOCUMENTATION_COMMENTS = YES;
				CLANG_WARN_EMPTY_BODY = YES;
				CLANG_WARN_ENUM_CONVERSION = YES;
				CLANG_WARN_INFINITE_RECURSION = YES;
				CLANG_WARN_INT_CONVERSION = YES;
				CLANG_WARN_NON_LITERAL_NULL_CONVERSION = YES;
				CLANG_WARN_OBJC_IMPLICIT_RETAIN_SELF = YES;
				CLANG_WARN_OBJC_LITERAL_CONVERSION = YES;
				CLANG_WARN_OBJC_ROOT_CLASS = YES_ERROR;
				CLANG_WARN_QUOTED_INCLUDE_IN_FRAMEWORK_HEADER = YES;
				CLANG_WARN_RANGE_LOOP_ANALYSIS = YES;
				CLANG_WARN_STRICT_PROTOTYPES = YES;
				CLANG_WARN_SUSPICIOUS_MOVE = YES;
				CLANG_WARN_UNGUARDED_AVAILABILITY = YES_AGGRESSIVE;
				CLANG_WARN_UNREACHABLE_CODE = YES;
				CLANG_WARN__DUPLICATE_METHOD_MATCH = YES;
				COPY_PHASE_STRIP = NO;
				DEBUG_INFORMATION_FORMAT = dwarf;
				ENABLE_STRICT_OBJC_MSGSEND = YES;
				ENABLE_TESTABILITY = YES;
				ENABLE_USER_SCRIPT_SANDBOXING = YES;
				GCC_C_LANGUAGE_STANDARD = gnu17;
				GCC_DYNAMIC_NO_PIC = NO;
				GCC_NO_COMMON_BLOCKS = YES;
				GCC_OPTIMIZATION_LEVEL = 0;
				GCC_PREPROCESSOR_DEFINITIONS = (
					"DEBUG=1",
					"$(inherited)",
				);
				GCC_WARN_64_TO_32_BIT_CONVERSION = YES;
				GCC_WARN_ABOUT_RETURN_TYPE = YES_ERROR;
				GCC_WARN_UNDECLARED_SELECTOR = YES;
				GCC_WARN_UNINITIALIZED_AUTOS = YES_AGGRESSIVE;
				GCC_WARN_UNUSED_FUNCTION = YES;
				GCC_WARN_UNUSED_VARIABLE = YES;
				IPHONEOS_DEPLOYMENT_TARGET = 17.0;
				LOCALIZATION_PREFERS_STRING_CATALOGS = YES;
				MTL_ENABLE_DEBUG_INFO = INCLUDE_SOURCE;
				MTL_FAST_MATH = YES;
				ONLY_ACTIVE_ARCH = YES;
				SDKROOT = iphoneos;
				SWIFT_ACTIVE_COMPILATION_CONDITIONS = "DEBUG $(inherited)";
				SWIFT_OPTIMIZATION_LEVEL = "-Onone";
			};
			name = Debug;
		};
		FF04401F2B91A67100949B8C /* Release */ = {
			isa = XCBuildConfiguration;
			buildSettings = {
				ALWAYS_SEARCH_USER_PATHS = NO;
				ASSETCATALOG_COMPILER_GENERATE_SWIFT_ASSET_SYMBOL_EXTENSIONS = YES;
				CLANG_ANALYZER_NONNULL = YES;
				CLANG_ANALYZER_NUMBER_OBJECT_CONVERSION = YES_AGGRESSIVE;
				CLANG_CXX_LANGUAGE_STANDARD = "gnu++20";
				CLANG_ENABLE_MODULES = YES;
				CLANG_ENABLE_OBJC_ARC = YES;
				CLANG_ENABLE_OBJC_WEAK = YES;
				CLANG_WARN_BLOCK_CAPTURE_AUTORELEASING = YES;
				CLANG_WARN_BOOL_CONVERSION = YES;
				CLANG_WARN_COMMA = YES;
				CLANG_WARN_CONSTANT_CONVERSION = YES;
				CLANG_WARN_DEPRECATED_OBJC_IMPLEMENTATIONS = YES;
				CLANG_WARN_DIRECT_OBJC_ISA_USAGE = YES_ERROR;
				CLANG_WARN_DOCUMENTATION_COMMENTS = YES;
				CLANG_WARN_EMPTY_BODY = YES;
				CLANG_WARN_ENUM_CONVERSION = YES;
				CLANG_WARN_INFINITE_RECURSION = YES;
				CLANG_WARN_INT_CONVERSION = YES;
				CLANG_WARN_NON_LITERAL_NULL_CONVERSION = YES;
				CLANG_WARN_OBJC_IMPLICIT_RETAIN_SELF = YES;
				CLANG_WARN_OBJC_LITERAL_CONVERSION = YES;
				CLANG_WARN_OBJC_ROOT_CLASS = YES_ERROR;
				CLANG_WARN_QUOTED_INCLUDE_IN_FRAMEWORK_HEADER = YES;
				CLANG_WARN_RANGE_LOOP_ANALYSIS = YES;
				CLANG_WARN_STRICT_PROTOTYPES = YES;
				CLANG_WARN_SUSPICIOUS_MOVE = YES;
				CLANG_WARN_UNGUARDED_AVAILABILITY = YES_AGGRESSIVE;
				CLANG_WARN_UNREACHABLE_CODE = YES;
				CLANG_WARN__DUPLICATE_METHOD_MATCH = YES;
				COPY_PHASE_STRIP = NO;
				DEBUG_INFORMATION_FORMAT = "dwarf-with-dsym";
				ENABLE_NS_ASSERTIONS = NO;
				ENABLE_STRICT_OBJC_MSGSEND = YES;
				ENABLE_USER_SCRIPT_SANDBOXING = YES;
				GCC_C_LANGUAGE_STANDARD = gnu17;
				GCC_NO_COMMON_BLOCKS = YES;
				GCC_WARN_64_TO_32_BIT_CONVERSION = YES;
				GCC_WARN_ABOUT_RETURN_TYPE = YES_ERROR;
				GCC_WARN_UNDECLARED_SELECTOR = YES;
				GCC_WARN_UNINITIALIZED_AUTOS = YES_AGGRESSIVE;
				GCC_WARN_UNUSED_FUNCTION = YES;
				GCC_WARN_UNUSED_VARIABLE = YES;
				IPHONEOS_DEPLOYMENT_TARGET = 17.0;
				LOCALIZATION_PREFERS_STRING_CATALOGS = YES;
				MTL_ENABLE_DEBUG_INFO = NO;
				MTL_FAST_MATH = YES;
				SDKROOT = iphoneos;
				SWIFT_COMPILATION_MODE = wholemodule;
				VALIDATE_PRODUCT = YES;
			};
			name = Release;
		};
		FF0440212B91A67100949B8C /* Debug */ = {
			isa = XCBuildConfiguration;
			buildSettings = {
				ASSETCATALOG_COMPILER_APPICON_NAME = AppIcon;
				ASSETCATALOG_COMPILER_GLOBAL_ACCENT_COLOR_NAME = AccentColor;
				CODE_SIGN_STYLE = Automatic;
				CURRENT_PROJECT_VERSION = 1;
				DEVELOPMENT_ASSET_PATHS = "\"CommitCal/Preview Content\"";
				DEVELOPMENT_TEAM = KRY967CND6;
				ENABLE_PREVIEWS = YES;
				GENERATE_INFOPLIST_FILE = YES;
				INFOPLIST_FILE = CommitCal/Info.plist;
				INFOPLIST_KEY_CFBundleDisplayName = CommitCal;
				INFOPLIST_KEY_LSApplicationCategoryType = "public.app-category.developer-tools";
				INFOPLIST_KEY_UIApplicationSceneManifest_Generation = YES;
				INFOPLIST_KEY_UIApplicationSupportsIndirectInputEvents = YES;
				INFOPLIST_KEY_UISupportedInterfaceOrientations = "UIInterfaceOrientationLandscapeLeft UIInterfaceOrientationLandscapeRight UIInterfaceOrientationPortrait UIInterfaceOrientationPortraitUpsideDown";
				LD_RUNPATH_SEARCH_PATHS = (
					"$(inherited)",
					"@executable_path/Frameworks",
				);
				MARKETING_VERSION = 1.0;
				PRODUCT_BUNDLE_IDENTIFIER = com.CommitCal;
				PRODUCT_NAME = "$(TARGET_NAME)";
				SUPPORTED_PLATFORMS = "iphoneos iphonesimulator";
				SUPPORTS_MACCATALYST = NO;
				SUPPORTS_MAC_DESIGNED_FOR_IPHONE_IPAD = NO;
				SWIFT_EMIT_LOC_STRINGS = YES;
				SWIFT_VERSION = 5.0;
				TARGETED_DEVICE_FAMILY = "1,2";
			};
			name = Debug;
		};
		FF0440222B91A67100949B8C /* Release */ = {
			isa = XCBuildConfiguration;
			buildSettings = {
				ASSETCATALOG_COMPILER_APPICON_NAME = AppIcon;
				ASSETCATALOG_COMPILER_GLOBAL_ACCENT_COLOR_NAME = AccentColor;
				CODE_SIGN_STYLE = Automatic;
				CURRENT_PROJECT_VERSION = 1;
				DEVELOPMENT_ASSET_PATHS = "\"CommitCal/Preview Content\"";
				DEVELOPMENT_TEAM = KRY967CND6;
				ENABLE_PREVIEWS = YES;
				GENERATE_INFOPLIST_FILE = YES;
				INFOPLIST_FILE = CommitCal/Info.plist;
				INFOPLIST_KEY_CFBundleDisplayName = CommitCal;
				INFOPLIST_KEY_LSApplicationCategoryType = "public.app-category.developer-tools";
				INFOPLIST_KEY_UIApplicationSceneManifest_Generation = YES;
				INFOPLIST_KEY_UIApplicationSupportsIndirectInputEvents = YES;
				INFOPLIST_KEY_UISupportedInterfaceOrientations = "UIInterfaceOrientationLandscapeLeft UIInterfaceOrientationLandscapeRight UIInterfaceOrientationPortrait UIInterfaceOrientationPortraitUpsideDown";
				LD_RUNPATH_SEARCH_PATHS = (
					"$(inherited)",
					"@executable_path/Frameworks",
				);
				MARKETING_VERSION = 1.0;
				PRODUCT_BUNDLE_IDENTIFIER = com.CommitCal;
				PRODUCT_NAME = "$(TARGET_NAME)";
				SUPPORTED_PLATFORMS = "iphoneos iphonesimulator";
				SUPPORTS_MACCATALYST = NO;
				SUPPORTS_MAC_DESIGNED_FOR_IPHONE_IPAD = NO;
				SWIFT_EMIT_LOC_STRINGS = YES;
				SWIFT_VERSION = 5.0;
				TARGETED_DEVICE_FAMILY = "1,2";
			};
			name = Release;
		};
/* End XCBuildConfiguration section */

/* Begin XCConfigurationList section */
		FF04400D2B91A66F00949B8C /* Build configuration list for PBXProject "CommitCal" */ = {
			isa = XCConfigurationList;
			buildConfigurations = (
				FF04401E2B91A67100949B8C /* Debug */,
				FF04401F2B91A67100949B8C /* Release */,
			);
			defaultConfigurationIsVisible = 0;
			defaultConfigurationName = Release;
		};
		FF0440202B91A67100949B8C /* Build configuration list for PBXNativeTarget "CommitCal" */ = {
			isa = XCConfigurationList;
			buildConfigurations = (
				FF0440212B91A67100949B8C /* Debug */,
				FF0440222B91A67100949B8C /* Release */,
			);
			defaultConfigurationIsVisible = 0;
			defaultConfigurationName = Release;
		};
/* End XCConfigurationList section */

/* Begin XCRemoteSwiftPackageReference section */
		FF0440242B91BCD600949B8C /* XCRemoteSwiftPackageReference "Alamofire" */ = {
			isa = XCRemoteSwiftPackageReference;
			repositoryURL = "https://github.com/Alamofire/Alamofire.git";
			requirement = {
				kind = upToNextMajorVersion;
				minimumVersion = 5.8.1;
			};
		};
		FF04403D2B92038700949B8C /* XCRemoteSwiftPackageReference "SwiftSoup" */ = {
			isa = XCRemoteSwiftPackageReference;
			repositoryURL = "https://github.com/scinfu/SwiftSoup.git";
			requirement = {
				kind = upToNextMajorVersion;
				minimumVersion = 2.7.1;
			};
		};
		FF04404D2B9384A400949B8C /* XCRemoteSwiftPackageReference "Kingfisher" */ = {
			isa = XCRemoteSwiftPackageReference;
			repositoryURL = "https://github.com/onevcat/Kingfisher.git";
			requirement = {
				kind = upToNextMajorVersion;
				minimumVersion = 7.11.0;
			};
		};
/* End XCRemoteSwiftPackageReference section */

/* Begin XCSwiftPackageProductDependency section */
		FF0440252B91BCD600949B8C /* Alamofire */ = {
			isa = XCSwiftPackageProductDependency;
			package = FF0440242B91BCD600949B8C /* XCRemoteSwiftPackageReference "Alamofire" */;
			productName = Alamofire;
		};
		FF04403E2B92038700949B8C /* SwiftSoup */ = {
			isa = XCSwiftPackageProductDependency;
			package = FF04403D2B92038700949B8C /* XCRemoteSwiftPackageReference "SwiftSoup" */;
			productName = SwiftSoup;
		};
		FF04404E2B9384A400949B8C /* Kingfisher */ = {
			isa = XCSwiftPackageProductDependency;
			package = FF04404D2B9384A400949B8C /* XCRemoteSwiftPackageReference "Kingfisher" */;
			productName = Kingfisher;
		};
/* End XCSwiftPackageProductDependency section */
	};
	rootObject = FF04400A2B91A66F00949B8C /* Project object */;
}
